
Microsoft Visual Studio Solution File, Format Version 12.00
# Visual Studio 15
VisualStudioVersion = 15.0.27130.2010
MinimumVisualStudioVersion = 10.0.40219.1
Project("{FAE04EC0-301F-11D3-BF4B-00C04F79EFBC}") = "CrudJSFinale", "CrudJSFinale\CrudJSFinale.csproj", "{B96220D4-00CE-4FDC-95CB-E3215061AEBD}"
EndProject
Global
	GlobalSection(SolutionConfigurationPlatforms) = preSolution
		Debug|Any CPU = Debug|Any CPU
		Release|Any CPU = Release|Any CPU
	EndGlobalSection
	GlobalSection(ProjectConfigurationPlatforms) = postSolution
		{B96220D4-00CE-4FDC-95CB-E3215061AEBD}.Debug|Any CPU.ActiveCfg = Debug|Any CPU
		{B96220D4-00CE-4FDC-95CB-E3215061AEBD}.Debug|Any CPU.Build.0 = Debug|Any CPU
		{B96220D4-00CE-4FDC-95CB-E3215061AEBD}.Release|Any CPU.ActiveCfg = Release|Any CPU
		{B96220D4-00CE-4FDC-95CB-E3215061AEBD}.Release|Any CPU.Build.0 = Release|Any CPU
	EndGlobalSection
	GlobalSection(SolutionProperties) = preSolution
		HideSolutionNode = FALSE
	EndGlobalSection
	GlobalSection(ExtensibilityGlobals) = postSolution
		SolutionGuid = {B64E9F7A-A2C5-43B0-B876-69428177404C}
	EndGlobalSection
	GlobalSection(TeamFoundationVersionControl) = preSolution
		SccNumberOfProjects = 2
		SccEnterpriseProvider = {4CA58AB2-18FA-4F8D-95D4-32DDF27D184C}
		SccTeamFoundationServer = https://softcontrive.visualstudio.com/
		SccLocalPath0 = .
		SccProjectUniqueName1 = CrudJSFinale\\CrudJSFinale.csproj
		SccProjectName1 = CrudJSFinale
		SccLocalPath1 = CrudJSFinale
	EndGlobalSection
EndGlobal
