
Microsoft Visual Studio Solution File, Format Version 12.00
# Visual Studio 15
VisualStudioVersion = 15.0.27130.2010
MinimumVisualStudioVersion = 10.0.40219.1
Project("{FAE04EC0-301F-11D3-BF4B-00C04F79EFBC}") = "WCFTestWeb", "WCFTestWeb\WCFTestWeb.csproj", "{A8EF5760-D21A-4D0D-92D6-703B4B94DA3A}"
EndProject
Global
	GlobalSection(SolutionConfigurationPlatforms) = preSolution
		Debug|Any CPU = Debug|Any CPU
		Release|Any CPU = Release|Any CPU
	EndGlobalSection
	GlobalSection(ProjectConfigurationPlatforms) = postSolution
		{A8EF5760-D21A-4D0D-92D6-703B4B94DA3A}.Debug|Any CPU.ActiveCfg = Debug|Any CPU
		{A8EF5760-D21A-4D0D-92D6-703B4B94DA3A}.Debug|Any CPU.Build.0 = Debug|Any CPU
		{A8EF5760-D21A-4D0D-92D6-703B4B94DA3A}.Release|Any CPU.ActiveCfg = Release|Any CPU
		{A8EF5760-D21A-4D0D-92D6-703B4B94DA3A}.Release|Any CPU.Build.0 = Release|Any CPU
	EndGlobalSection
	GlobalSection(SolutionProperties) = preSolution
		HideSolutionNode = FALSE
	EndGlobalSection
	GlobalSection(ExtensibilityGlobals) = postSolution
		SolutionGuid = {94E5C181-53C0-4340-8B29-3C45DFDBF038}
	EndGlobalSection
	GlobalSection(TeamFoundationVersionControl) = preSolution
		SccNumberOfProjects = 2
		SccEnterpriseProvider = {4CA58AB2-18FA-4F8D-95D4-32DDF27D184C}
		SccTeamFoundationServer = https://softcontrive.visualstudio.com/
		SccLocalPath0 = .
		SccProjectUniqueName1 = WCFTestWeb\\WCFTestWeb.csproj
		SccProjectName1 = WCFTestWeb
		SccLocalPath1 = WCFTestWeb
	EndGlobalSection
EndGlobal
