
Microsoft Visual Studio Solution File, Format Version 12.00
# Visual Studio 15
VisualStudioVersion = 15.0.27130.2010
MinimumVisualStudioVersion = 10.0.40219.1
Project("{FAE04EC0-301F-11D3-BF4B-00C04F79EFBC}") = "CRUDRemeberOne", "CRUDRemeberOne\CRUDRemeberOne.csproj", "{D75EEC56-02EA-49B4-9F6D-1A6EDEAF8AC0}"
EndProject
Global
	GlobalSection(SolutionConfigurationPlatforms) = preSolution
		Debug|Any CPU = Debug|Any CPU
		Release|Any CPU = Release|Any CPU
	EndGlobalSection
	GlobalSection(ProjectConfigurationPlatforms) = postSolution
		{D75EEC56-02EA-49B4-9F6D-1A6EDEAF8AC0}.Debug|Any CPU.ActiveCfg = Debug|Any CPU
		{D75EEC56-02EA-49B4-9F6D-1A6EDEAF8AC0}.Debug|Any CPU.Build.0 = Debug|Any CPU
		{D75EEC56-02EA-49B4-9F6D-1A6EDEAF8AC0}.Release|Any CPU.ActiveCfg = Release|Any CPU
		{D75EEC56-02EA-49B4-9F6D-1A6EDEAF8AC0}.Release|Any CPU.Build.0 = Release|Any CPU
	EndGlobalSection
	GlobalSection(SolutionProperties) = preSolution
		HideSolutionNode = FALSE
	EndGlobalSection
	GlobalSection(ExtensibilityGlobals) = postSolution
		SolutionGuid = {91303C4C-E4A7-4BDE-BBD8-E0974E590A86}
	EndGlobalSection
EndGlobal
