
Microsoft Visual Studio Solution File, Format Version 12.00
# Visual Studio 15
VisualStudioVersion = 15.0.27130.2010
MinimumVisualStudioVersion = 10.0.40219.1
Project("{FAE04EC0-301F-11D3-BF4B-00C04F79EFBC}") = "WCFServicesTestOne", "WCFServicesTestOne\WCFServicesTestOne.csproj", "{110CE9F1-8639-4F0A-A577-43BD00B36B9D}"
EndProject
Global
	GlobalSection(SolutionConfigurationPlatforms) = preSolution
		Debug|Any CPU = Debug|Any CPU
		Release|Any CPU = Release|Any CPU
	EndGlobalSection
	GlobalSection(ProjectConfigurationPlatforms) = postSolution
		{110CE9F1-8639-4F0A-A577-43BD00B36B9D}.Debug|Any CPU.ActiveCfg = Debug|Any CPU
		{110CE9F1-8639-4F0A-A577-43BD00B36B9D}.Debug|Any CPU.Build.0 = Debug|Any CPU
		{110CE9F1-8639-4F0A-A577-43BD00B36B9D}.Release|Any CPU.ActiveCfg = Release|Any CPU
		{110CE9F1-8639-4F0A-A577-43BD00B36B9D}.Release|Any CPU.Build.0 = Release|Any CPU
	EndGlobalSection
	GlobalSection(SolutionProperties) = preSolution
		HideSolutionNode = FALSE
	EndGlobalSection
	GlobalSection(ExtensibilityGlobals) = postSolution
		SolutionGuid = {1433D4F4-8E76-46C9-BB85-656A6B7DFA75}
	EndGlobalSection
EndGlobal
